// !$*UTF8*$!
{
	archiveVersion = 1;
	classes = {
	};
	objectVersion = 56;
	objects = {

/* Begin PBXBuildFile section */
		046C37642C2C930F007A0AD2 /* VideoModel.swift in Sources */ = {isa = PBXBuildFile; fileRef = 046C37632C2C930F007A0AD2 /* VideoModel.swift */; };
		046C37662C2C93A1007A0AD2 /* VideoListItemView.swift in Sources */ = {isa = PBXBuildFile; fileRef = 046C37652C2C93A1007A0AD2 /* VideoListItemView.swift */; };
		046C37682C2CEC01007A0AD2 /* VideoPlayerView.swift in Sources */ = {isa = PBXBuildFile; fileRef = 046C37672C2CEC01007A0AD2 /* VideoPlayerView.swift */; };
		046C376B2C2CED5C007A0AD2 /* VideoPlayerHelper.swift in Sources */ = {isa = PBXBuildFile; fileRef = 046C376A2C2CED5C007A0AD2 /* VideoPlayerHelper.swift */; };
		046C376D2C2CF50D007A0AD2 /* LocationModel.swift in Sources */ = {isa = PBXBuildFile; fileRef = 046C376C2C2CF50D007A0AD2 /* LocationModel.swift */; };
		046C37712C2CFF4C007A0AD2 /* MapAnnotationView.swift in Sources */ = {isa = PBXBuildFile; fileRef = 046C37702C2CFF4C007A0AD2 /* MapAnnotationView.swift */; };
		046C37732C2D2F6C007A0AD2 /* MotionAnimationView.swift in Sources */ = {isa = PBXBuildFile; fileRef = 046C37722C2D2F6C007A0AD2 /* MotionAnimationView.swift */; };
		046C37792C2D4CF1007A0AD2 /* AnimalGridItemView.swift in Sources */ = {isa = PBXBuildFile; fileRef = 046C37782C2D4CF1007A0AD2 /* AnimalGridItemView.swift */; };
		046C377F2C2D5502007A0AD2 /* Stickers.xcassets in Resources */ = {isa = PBXBuildFile; fileRef = 046C377E2C2D5502007A0AD2 /* Stickers.xcassets */; };
		046C37832C2D5502007A0AD2 /* Stickers.appex in Embed Foundation Extensions */ = {isa = PBXBuildFile; fileRef = 046C377C2C2D5500007A0AD2 /* Stickers.appex */; settings = {ATTRIBUTES = (RemoveHeadersOnCopy, ); }; };
		0474C3242C2C0FAC00C860A2 /* AfricaApp.swift in Sources */ = {isa = PBXBuildFile; fileRef = 0474C3232C2C0FAC00C860A2 /* AfricaApp.swift */; };
		0474C3262C2C0FAC00C860A2 /* ContentView.swift in Sources */ = {isa = PBXBuildFile; fileRef = 0474C3252C2C0FAC00C860A2 /* ContentView.swift */; };
		0474C3282C2C0FAD00C860A2 /* Assets.xcassets in Resources */ = {isa = PBXBuildFile; fileRef = 0474C3272C2C0FAD00C860A2 /* Assets.xcassets */; };
		0474C32B2C2C0FAD00C860A2 /* Preview Assets.xcassets in Resources */ = {isa = PBXBuildFile; fileRef = 0474C32A2C2C0FAD00C860A2 /* Preview Assets.xcassets */; };
		0474C33C2C2C1EA200C860A2 /* elephant.mp4 in Resources */ = {isa = PBXBuildFile; fileRef = 0474C3322C2C1EA100C860A2 /* elephant.mp4 */; };
		0474C33D2C2C1EA200C860A2 /* zebra.mp4 in Resources */ = {isa = PBXBuildFile; fileRef = 0474C3332C2C1EA100C860A2 /* zebra.mp4 */; };
		0474C33E2C2C1EA200C860A2 /* cheetah.mp4 in Resources */ = {isa = PBXBuildFile; fileRef = 0474C3342C2C1EA100C860A2 /* cheetah.mp4 */; };
		0474C33F2C2C1EA200C860A2 /* ostrich.mp4 in Resources */ = {isa = PBXBuildFile; fileRef = 0474C3352C2C1EA100C860A2 /* ostrich.mp4 */; };
		0474C3402C2C1EA200C860A2 /* lion.mp4 in Resources */ = {isa = PBXBuildFile; fileRef = 0474C3362C2C1EA100C860A2 /* lion.mp4 */; };
		0474C3412C2C1EA200C860A2 /* hippo.mp4 in Resources */ = {isa = PBXBuildFile; fileRef = 0474C3372C2C1EA200C860A2 /* hippo.mp4 */; };
		0474C3422C2C1EA200C860A2 /* gorilla.mp4 in Resources */ = {isa = PBXBuildFile; fileRef = 0474C3382C2C1EA200C860A2 /* gorilla.mp4 */; };
		0474C3432C2C1EA200C860A2 /* giraffe.mp4 in Resources */ = {isa = PBXBuildFile; fileRef = 0474C3392C2C1EA200C860A2 /* giraffe.mp4 */; };
		0474C3442C2C1EA200C860A2 /* rhino.mp4 in Resources */ = {isa = PBXBuildFile; fileRef = 0474C33A2C2C1EA200C860A2 /* rhino.mp4 */; };
		0474C3452C2C1EA200C860A2 /* lioness.mp4 in Resources */ = {isa = PBXBuildFile; fileRef = 0474C33B2C2C1EA200C860A2 /* lioness.mp4 */; };
		0474C34B2C2C1EEF00C860A2 /* locations.json in Resources */ = {isa = PBXBuildFile; fileRef = 0474C3472C2C1EEF00C860A2 /* locations.json */; };
		0474C34C2C2C1EEF00C860A2 /* animals.json in Resources */ = {isa = PBXBuildFile; fileRef = 0474C3482C2C1EEF00C860A2 /* animals.json */; };
		0474C34D2C2C1EEF00C860A2 /* videos.json in Resources */ = {isa = PBXBuildFile; fileRef = 0474C3492C2C1EEF00C860A2 /* videos.json */; };
		0474C34E2C2C1EEF00C860A2 /* covers.json in Resources */ = {isa = PBXBuildFile; fileRef = 0474C34A2C2C1EEF00C860A2 /* covers.json */; };
		04A6CAF02C2C242A00668676 /* VideoListView.swift in Sources */ = {isa = PBXBuildFile; fileRef = 04A6CAEF2C2C242A00668676 /* VideoListView.swift */; };
		04A6CAF22C2C244300668676 /* MapView.swift in Sources */ = {isa = PBXBuildFile; fileRef = 04A6CAF12C2C244300668676 /* MapView.swift */; };
		04A6CAF42C2C246D00668676 /* GalleryView.swift in Sources */ = {isa = PBXBuildFile; fileRef = 04A6CAF32C2C246D00668676 /* GalleryView.swift */; };
		04A6CAF62C2C248D00668676 /* MainView.swift in Sources */ = {isa = PBXBuildFile; fileRef = 04A6CAF52C2C248D00668676 /* MainView.swift */; };
		04A6CAF92C2C2F9F00668676 /* CoverImageView.swift in Sources */ = {isa = PBXBuildFile; fileRef = 04A6CAF82C2C2F9F00668676 /* CoverImageView.swift */; };
		04A6CAFC2C2C31AE00668676 /* CoverImageModel.swift in Sources */ = {isa = PBXBuildFile; fileRef = 04A6CAFB2C2C31AE00668676 /* CoverImageModel.swift */; };
		04A6CAFF2C2C331100668676 /* Bundle+Extension.swift in Sources */ = {isa = PBXBuildFile; fileRef = 04A6CAFE2C2C331000668676 /* Bundle+Extension.swift */; };
		04A6CB032C2C3D1B00668676 /* AnimalListItemView.swift in Sources */ = {isa = PBXBuildFile; fileRef = 04A6CB022C2C3D1B00668676 /* AnimalListItemView.swift */; };
		04A6CB052C2C489900668676 /* AnimalModel.swift in Sources */ = {isa = PBXBuildFile; fileRef = 04A6CB042C2C489900668676 /* AnimalModel.swift */; };
		04A6CB072C2C629300668676 /* AnimalDetailView.swift in Sources */ = {isa = PBXBuildFile; fileRef = 04A6CB062C2C629300668676 /* AnimalDetailView.swift */; };
		04A6CB092C2C666100668676 /* HeadingView.swift in Sources */ = {isa = PBXBuildFile; fileRef = 04A6CB082C2C666100668676 /* HeadingView.swift */; };
		04A6CB0B2C2C67E100668676 /* InsetGalleryView.swift in Sources */ = {isa = PBXBuildFile; fileRef = 04A6CB0A2C2C67E100668676 /* InsetGalleryView.swift */; };
		04A6CB0D2C2C6F6A00668676 /* InsetFactView.swift in Sources */ = {isa = PBXBuildFile; fileRef = 04A6CB0C2C2C6F6A00668676 /* InsetFactView.swift */; };
		04A6CB0F2C2C730400668676 /* InsetMapView.swift in Sources */ = {isa = PBXBuildFile; fileRef = 04A6CB0E2C2C730400668676 /* InsetMapView.swift */; };
		04A6CB112C2C8E3500668676 /* ExternalWeblinkView.swift in Sources */ = {isa = PBXBuildFile; fileRef = 04A6CB102C2C8E3500668676 /* ExternalWeblinkView.swift */; };
/* End PBXBuildFile section */

/* Begin PBXContainerItemProxy section */
		046C37812C2D5502007A0AD2 /* PBXContainerItemProxy */ = {
			isa = PBXContainerItemProxy;
			containerPortal = 0474C3182C2C0FAC00C860A2 /* Project object */;
			proxyType = 1;
			remoteGlobalIDString = 046C377B2C2D5500007A0AD2;
			remoteInfo = Stickers;
		};
/* End PBXContainerItemProxy section */

/* Begin PBXCopyFilesBuildPhase section */
		046C37872C2D5502007A0AD2 /* Embed Foundation Extensions */ = {
			isa = PBXCopyFilesBuildPhase;
			buildActionMask = 2147483647;
			dstPath = "";
			dstSubfolderSpec = 13;
			files = (
				046C37832C2D5502007A0AD2 /* Stickers.appex in Embed Foundation Extensions */,
			);
			name = "Embed Foundation Extensions";
			runOnlyForDeploymentPostprocessing = 0;
		};
/* End PBXCopyFilesBuildPhase section */

/* Begin PBXFileReference section */
		046C37632C2C930F007A0AD2 /* VideoModel.swift */ = {isa = PBXFileReference; lastKnownFileType = sourcecode.swift; path = VideoModel.swift; sourceTree = "<group>"; };
		046C37652C2C93A1007A0AD2 /* VideoListItemView.swift */ = {isa = PBXFileReference; lastKnownFileType = sourcecode.swift; path = VideoListItemView.swift; sourceTree = "<group>"; };
		046C37672C2CEC01007A0AD2 /* VideoPlayerView.swift */ = {isa = PBXFileReference; lastKnownFileType = sourcecode.swift; path = VideoPlayerView.swift; sourceTree = "<group>"; };
		046C376A2C2CED5C007A0AD2 /* VideoPlayerHelper.swift */ = {isa = PBXFileReference; lastKnownFileType = sourcecode.swift; path = VideoPlayerHelper.swift; sourceTree = "<group>"; };
		046C376C2C2CF50D007A0AD2 /* LocationModel.swift */ = {isa = PBXFileReference; lastKnownFileType = sourcecode.swift; path = LocationModel.swift; sourceTree = "<group>"; };
		046C37702C2CFF4C007A0AD2 /* MapAnnotationView.swift */ = {isa = PBXFileReference; lastKnownFileType = sourcecode.swift; path = MapAnnotationView.swift; sourceTree = "<group>"; };
		046C37722C2D2F6C007A0AD2 /* MotionAnimationView.swift */ = {isa = PBXFileReference; lastKnownFileType = sourcecode.swift; path = MotionAnimationView.swift; sourceTree = "<group>"; };
		046C37782C2D4CF1007A0AD2 /* AnimalGridItemView.swift */ = {isa = PBXFileReference; lastKnownFileType = sourcecode.swift; path = AnimalGridItemView.swift; sourceTree = "<group>"; };
		046C377C2C2D5500007A0AD2 /* Stickers.appex */ = {isa = PBXFileReference; explicitFileType = "wrapper.app-extension"; includeInIndex = 0; path = Stickers.appex; sourceTree = BUILT_PRODUCTS_DIR; };
		046C377E2C2D5502007A0AD2 /* Stickers.xcassets */ = {isa = PBXFileReference; lastKnownFileType = folder.assetcatalog; path = Stickers.xcassets; sourceTree = "<group>"; };
		046C37802C2D5502007A0AD2 /* Info.plist */ = {isa = PBXFileReference; lastKnownFileType = text.plist.xml; path = Info.plist; sourceTree = "<group>"; };
		0474C3202C2C0FAC00C860A2 /* Africa.app */ = {isa = PBXFileReference; explicitFileType = wrapper.application; includeInIndex = 0; path = Africa.app; sourceTree = BUILT_PRODUCTS_DIR; };
		0474C3232C2C0FAC00C860A2 /* AfricaApp.swift */ = {isa = PBXFileReference; lastKnownFileType = sourcecode.swift; path = AfricaApp.swift; sourceTree = "<group>"; };
		0474C3252C2C0FAC00C860A2 /* ContentView.swift */ = {isa = PBXFileReference; lastKnownFileType = sourcecode.swift; path = ContentView.swift; sourceTree = "<group>"; };
		0474C3272C2C0FAD00C860A2 /* Assets.xcassets */ = {isa = PBXFileReference; lastKnownFileType = folder.assetcatalog; path = Assets.xcassets; sourceTree = "<group>"; };
		0474C32A2C2C0FAD00C860A2 /* Preview Assets.xcassets */ = {isa = PBXFileReference; lastKnownFileType = folder.assetcatalog; path = "Preview Assets.xcassets"; sourceTree = "<group>"; };
		0474C3322C2C1EA100C860A2 /* elephant.mp4 */ = {isa = PBXFileReference; lastKnownFileType = file; path = elephant.mp4; sourceTree = "<group>"; };
		0474C3332C2C1EA100C860A2 /* zebra.mp4 */ = {isa = PBXFileReference; lastKnownFileType = file; path = zebra.mp4; sourceTree = "<group>"; };
		0474C3342C2C1EA100C860A2 /* cheetah.mp4 */ = {isa = PBXFileReference; lastKnownFileType = file; path = cheetah.mp4; sourceTree = "<group>"; };
		0474C3352C2C1EA100C860A2 /* ostrich.mp4 */ = {isa = PBXFileReference; lastKnownFileType = file; path = ostrich.mp4; sourceTree = "<group>"; };
		0474C3362C2C1EA100C860A2 /* lion.mp4 */ = {isa = PBXFileReference; lastKnownFileType = file; path = lion.mp4; sourceTree = "<group>"; };
		0474C3372C2C1EA200C860A2 /* hippo.mp4 */ = {isa = PBXFileReference; lastKnownFileType = file; path = hippo.mp4; sourceTree = "<group>"; };
		0474C3382C2C1EA200C860A2 /* gorilla.mp4 */ = {isa = PBXFileReference; lastKnownFileType = file; path = gorilla.mp4; sourceTree = "<group>"; };
		0474C3392C2C1EA200C860A2 /* giraffe.mp4 */ = {isa = PBXFileReference; lastKnownFileType = file; path = giraffe.mp4; sourceTree = "<group>"; };
		0474C33A2C2C1EA200C860A2 /* rhino.mp4 */ = {isa = PBXFileReference; lastKnownFileType = file; path = rhino.mp4; sourceTree = "<group>"; };
		0474C33B2C2C1EA200C860A2 /* lioness.mp4 */ = {isa = PBXFileReference; lastKnownFileType = file; path = lioness.mp4; sourceTree = "<group>"; };
		0474C3472C2C1EEF00C860A2 /* locations.json */ = {isa = PBXFileReference; fileEncoding = 4; lastKnownFileType = text.json; path = locations.json; sourceTree = "<group>"; };
		0474C3482C2C1EEF00C860A2 /* animals.json */ = {isa = PBXFileReference; fileEncoding = 4; lastKnownFileType = text.json; path = animals.json; sourceTree = "<group>"; };
		0474C3492C2C1EEF00C860A2 /* videos.json */ = {isa = PBXFileReference; fileEncoding = 4; lastKnownFileType = text.json; path = videos.json; sourceTree = "<group>"; };
		0474C34A2C2C1EEF00C860A2 /* covers.json */ = {isa = PBXFileReference; fileEncoding = 4; lastKnownFileType = text.json; path = covers.json; sourceTree = "<group>"; };
		04A6CAEE2C2C225600668676 /* Info.plist */ = {isa = PBXFileReference; lastKnownFileType = text.plist; path = Info.plist; sourceTree = "<group>"; };
		04A6CAEF2C2C242A00668676 /* VideoListView.swift */ = {isa = PBXFileReference; lastKnownFileType = sourcecode.swift; path = VideoListView.swift; sourceTree = "<group>"; };
		04A6CAF12C2C244300668676 /* MapView.swift */ = {isa = PBXFileReference; lastKnownFileType = sourcecode.swift; path = MapView.swift; sourceTree = "<group>"; };
		04A6CAF32C2C246D00668676 /* GalleryView.swift */ = {isa = PBXFileReference; lastKnownFileType = sourcecode.swift; path = GalleryView.swift; sourceTree = "<group>"; };
		04A6CAF52C2C248D00668676 /* MainView.swift */ = {isa = PBXFileReference; lastKnownFileType = sourcecode.swift; path = MainView.swift; sourceTree = "<group>"; };
		04A6CAF82C2C2F9F00668676 /* CoverImageView.swift */ = {isa = PBXFileReference; lastKnownFileType = sourcecode.swift; path = CoverImageView.swift; sourceTree = "<group>"; };
		04A6CAFB2C2C31AE00668676 /* CoverImageModel.swift */ = {isa = PBXFileReference; lastKnownFileType = sourcecode.swift; path = CoverImageModel.swift; sourceTree = "<group>"; };
		04A6CAFE2C2C331000668676 /* Bundle+Extension.swift */ = {isa = PBXFileReference; lastKnownFileType = sourcecode.swift; path = "Bundle+Extension.swift"; sourceTree = "<group>"; };
		04A6CB022C2C3D1B00668676 /* AnimalListItemView.swift */ = {isa = PBXFileReference; lastKnownFileType = sourcecode.swift; path = AnimalListItemView.swift; sourceTree = "<group>"; };
		04A6CB042C2C489900668676 /* AnimalModel.swift */ = {isa = PBXFileReference; lastKnownFileType = sourcecode.swift; path = AnimalModel.swift; sourceTree = "<group>"; };
		04A6CB062C2C629300668676 /* AnimalDetailView.swift */ = {isa = PBXFileReference; lastKnownFileType = sourcecode.swift; path = AnimalDetailView.swift; sourceTree = "<group>"; };
		04A6CB082C2C666100668676 /* HeadingView.swift */ = {isa = PBXFileReference; lastKnownFileType = sourcecode.swift; path = HeadingView.swift; sourceTree = "<group>"; };
		04A6CB0A2C2C67E100668676 /* InsetGalleryView.swift */ = {isa = PBXFileReference; lastKnownFileType = sourcecode.swift; path = InsetGalleryView.swift; sourceTree = "<group>"; };
		04A6CB0C2C2C6F6A00668676 /* InsetFactView.swift */ = {isa = PBXFileReference; lastKnownFileType = sourcecode.swift; path = InsetFactView.swift; sourceTree = "<group>"; };
		04A6CB0E2C2C730400668676 /* InsetMapView.swift */ = {isa = PBXFileReference; lastKnownFileType = sourcecode.swift; path = InsetMapView.swift; sourceTree = "<group>"; };
		04A6CB102C2C8E3500668676 /* ExternalWeblinkView.swift */ = {isa = PBXFileReference; lastKnownFileType = sourcecode.swift; path = ExternalWeblinkView.swift; sourceTree = "<group>"; };
/* End PBXFileReference section */

/* Begin PBXFrameworksBuildPhase section */
		0474C31D2C2C0FAC00C860A2 /* Frameworks */ = {
			isa = PBXFrameworksBuildPhase;
			buildActionMask = 2147483647;
			files = (
			);
			runOnlyForDeploymentPostprocessing = 0;
		};
/* End PBXFrameworksBuildPhase section */

/* Begin PBXGroup section */
		046C37692C2CED45007A0AD2 /* Helper */ = {
			isa = PBXGroup;
			children = (
				046C376A2C2CED5C007A0AD2 /* VideoPlayerHelper.swift */,
			);
			path = Helper;
			sourceTree = "<group>";
		};
		046C377D2C2D5500007A0AD2 /* Stickers */ = {
			isa = PBXGroup;
			children = (
				046C377E2C2D5502007A0AD2 /* Stickers.xcassets */,
				046C37802C2D5502007A0AD2 /* Info.plist */,
			);
			path = Stickers;
			sourceTree = "<group>";
		};
		0474C3172C2C0FAC00C860A2 = {
			isa = PBXGroup;
			children = (
				0474C3222C2C0FAC00C860A2 /* Africa */,
				046C377D2C2D5500007A0AD2 /* Stickers */,
				0474C3212C2C0FAC00C860A2 /* Products */,
			);
			sourceTree = "<group>";
		};
		0474C3212C2C0FAC00C860A2 /* Products */ = {
			isa = PBXGroup;
			children = (
				0474C3202C2C0FAC00C860A2 /* Africa.app */,
				046C377C2C2D5500007A0AD2 /* Stickers.appex */,
			);
			name = Products;
			sourceTree = "<group>";
		};
		0474C3222C2C0FAC00C860A2 /* Africa */ = {
			isa = PBXGroup;
			children = (
				0474C34F2C2C1F1B00C860A2 /* Main */,
				0474C3502C2C1F2200C860A2 /* Screen */,
				04A6CAF72C2C2F6200668676 /* View */,
				04A6CAFA2C2C318D00668676 /* Model */,
				0474C3462C2C1EE300C860A2 /* Data */,
				046C37692C2CED45007A0AD2 /* Helper */,
				04A6CAFD2C2C32F400668676 /* Extension */,
				0474C3312C2C1E7A00C860A2 /* Video */,
				0474C3272C2C0FAD00C860A2 /* Assets.xcassets */,
				04A6CAEE2C2C225600668676 /* Info.plist */,
				0474C3292C2C0FAD00C860A2 /* Preview Content */,
			);
			path = Africa;
			sourceTree = "<group>";
		};
		0474C3292C2C0FAD00C860A2 /* Preview Content */ = {
			isa = PBXGroup;
			children = (
				0474C32A2C2C0FAD00C860A2 /* Preview Assets.xcassets */,
			);
			path = "Preview Content";
			sourceTree = "<group>";
		};
		0474C3312C2C1E7A00C860A2 /* Video */ = {
			isa = PBXGroup;
			children = (
				0474C3342C2C1EA100C860A2 /* cheetah.mp4 */,
				0474C3322C2C1EA100C860A2 /* elephant.mp4 */,
				0474C3392C2C1EA200C860A2 /* giraffe.mp4 */,
				0474C3382C2C1EA200C860A2 /* gorilla.mp4 */,
				0474C3372C2C1EA200C860A2 /* hippo.mp4 */,
				0474C3362C2C1EA100C860A2 /* lion.mp4 */,
				0474C33B2C2C1EA200C860A2 /* lioness.mp4 */,
				0474C3352C2C1EA100C860A2 /* ostrich.mp4 */,
				0474C33A2C2C1EA200C860A2 /* rhino.mp4 */,
				0474C3332C2C1EA100C860A2 /* zebra.mp4 */,
			);
			path = Video;
			sourceTree = "<group>";
		};
		0474C3462C2C1EE300C860A2 /* Data */ = {
			isa = PBXGroup;
			children = (
				0474C3482C2C1EEF00C860A2 /* animals.json */,
				0474C34A2C2C1EEF00C860A2 /* covers.json */,
				0474C3472C2C1EEF00C860A2 /* locations.json */,
				0474C3492C2C1EEF00C860A2 /* videos.json */,
			);
			path = Data;
			sourceTree = "<group>";
		};
		0474C34F2C2C1F1B00C860A2 /* Main */ = {
			isa = PBXGroup;
			children = (
				0474C3232C2C0FAC00C860A2 /* AfricaApp.swift */,
			);
			path = Main;
			sourceTree = "<group>";
		};
		0474C3502C2C1F2200C860A2 /* Screen */ = {
			isa = PBXGroup;
			children = (
				0474C3252C2C0FAC00C860A2 /* ContentView.swift */,
				04A6CAEF2C2C242A00668676 /* VideoListView.swift */,
				04A6CAF12C2C244300668676 /* MapView.swift */,
				04A6CAF32C2C246D00668676 /* GalleryView.swift */,
				04A6CAF52C2C248D00668676 /* MainView.swift */,
				04A6CB062C2C629300668676 /* AnimalDetailView.swift */,
				046C37672C2CEC01007A0AD2 /* VideoPlayerView.swift */,
			);
			path = Screen;
			sourceTree = "<group>";
		};
		04A6CAF72C2C2F6200668676 /* View */ = {
			isa = PBXGroup;
			children = (
				04A6CAF82C2C2F9F00668676 /* CoverImageView.swift */,
				04A6CB022C2C3D1B00668676 /* AnimalListItemView.swift */,
				04A6CB082C2C666100668676 /* HeadingView.swift */,
				04A6CB0A2C2C67E100668676 /* InsetGalleryView.swift */,
				04A6CB0C2C2C6F6A00668676 /* InsetFactView.swift */,
				04A6CB0E2C2C730400668676 /* InsetMapView.swift */,
				04A6CB102C2C8E3500668676 /* ExternalWeblinkView.swift */,
				046C37652C2C93A1007A0AD2 /* VideoListItemView.swift */,
				046C37702C2CFF4C007A0AD2 /* MapAnnotationView.swift */,
				046C37722C2D2F6C007A0AD2 /* MotionAnimationView.swift */,
				046C37782C2D4CF1007A0AD2 /* AnimalGridItemView.swift */,
			);
			path = View;
			sourceTree = "<group>";
		};
		04A6CAFA2C2C318D00668676 /* Model */ = {
			isa = PBXGroup;
			children = (
				04A6CAFB2C2C31AE00668676 /* CoverImageModel.swift */,
				04A6CB042C2C489900668676 /* AnimalModel.swift */,
				046C37632C2C930F007A0AD2 /* VideoModel.swift */,
				046C376C2C2CF50D007A0AD2 /* LocationModel.swift */,
			);
			path = Model;
			sourceTree = "<group>";
		};
		04A6CAFD2C2C32F400668676 /* Extension */ = {
			isa = PBXGroup;
			children = (
				04A6CAFE2C2C331000668676 /* Bundle+Extension.swift */,
			);
			path = Extension;
			sourceTree = "<group>";
		};
/* End PBXGroup section */

/* Begin PBXNativeTarget section */
		046C377B2C2D5500007A0AD2 /* Stickers */ = {
			isa = PBXNativeTarget;
			buildConfigurationList = 046C37842C2D5502007A0AD2 /* Build configuration list for PBXNativeTarget "Stickers" */;
			buildPhases = (
				046C377A2C2D5500007A0AD2 /* Resources */,
			);
			buildRules = (
			);
			dependencies = (
			);
			name = Stickers;
			productName = Stickers;
			productReference = 046C377C2C2D5500007A0AD2 /* Stickers.appex */;
			productType = "com.apple.product-type.app-extension.messages-sticker-pack";
		};
		0474C31F2C2C0FAC00C860A2 /* Africa */ = {
			isa = PBXNativeTarget;
			buildConfigurationList = 0474C32E2C2C0FAD00C860A2 /* Build configuration list for PBXNativeTarget "Africa" */;
			buildPhases = (
				0474C31C2C2C0FAC00C860A2 /* Sources */,
				0474C31D2C2C0FAC00C860A2 /* Frameworks */,
				0474C31E2C2C0FAC00C860A2 /* Resources */,
				046C37872C2D5502007A0AD2 /* Embed Foundation Extensions */,
			);
			buildRules = (
			);
			dependencies = (
				046C37822C2D5502007A0AD2 /* PBXTargetDependency */,
			);
			name = Africa;
			productName = Africa;
			productReference = 0474C3202C2C0FAC00C860A2 /* Africa.app */;
			productType = "com.apple.product-type.application";
		};
/* End PBXNativeTarget section */

/* Begin PBXProject section */
		0474C3182C2C0FAC00C860A2 /* Project object */ = {
			isa = PBXProject;
			attributes = {
				BuildIndependentTargetsInParallel = 1;
				LastSwiftUpdateCheck = 1540;
				LastUpgradeCheck = 1540;
				TargetAttributes = {
					046C377B2C2D5500007A0AD2 = {
						CreatedOnToolsVersion = 15.4;
					};
					0474C31F2C2C0FAC00C860A2 = {
						CreatedOnToolsVersion = 15.4;
					};
				};
			};
			buildConfigurationList = 0474C31B2C2C0FAC00C860A2 /* Build configuration list for PBXProject "Africa" */;
			compatibilityVersion = "Xcode 14.0";
			developmentRegion = en;
			hasScannedForEncodings = 0;
			knownRegions = (
				en,
				Base,
			);
			mainGroup = 0474C3172C2C0FAC00C860A2;
			productRefGroup = 0474C3212C2C0FAC00C860A2 /* Products */;
			projectDirPath = "";
			projectRoot = "";
			targets = (
				0474C31F2C2C0FAC00C860A2 /* Africa */,
				046C377B2C2D5500007A0AD2 /* Stickers */,
			);
		};
/* End PBXProject section */

/* Begin PBXResourcesBuildPhase section */
		046C377A2C2D5500007A0AD2 /* Resources */ = {
			isa = PBXResourcesBuildPhase;
			buildActionMask = 2147483647;
			files = (
				046C377F2C2D5502007A0AD2 /* Stickers.xcassets in Resources */,
			);
			runOnlyForDeploymentPostprocessing = 0;
		};
		0474C31E2C2C0FAC00C860A2 /* Resources */ = {
			isa = PBXResourcesBuildPhase;
			buildActionMask = 2147483647;
			files = (
				0474C34B2C2C1EEF00C860A2 /* locations.json in Resources */,
				0474C3412C2C1EA200C860A2 /* hippo.mp4 in Resources */,
				0474C34D2C2C1EEF00C860A2 /* videos.json in Resources */,
				0474C3422C2C1EA200C860A2 /* gorilla.mp4 in Resources */,
				0474C33F2C2C1EA200C860A2 /* ostrich.mp4 in Resources */,
				0474C34E2C2C1EEF00C860A2 /* covers.json in Resources */,
				0474C33D2C2C1EA200C860A2 /* zebra.mp4 in Resources */,
				0474C3432C2C1EA200C860A2 /* giraffe.mp4 in Resources */,
				0474C3402C2C1EA200C860A2 /* lion.mp4 in Resources */,
				0474C34C2C2C1EEF00C860A2 /* animals.json in Resources */,
				0474C33E2C2C1EA200C860A2 /* cheetah.mp4 in Resources */,
				0474C32B2C2C0FAD00C860A2 /* Preview Assets.xcassets in Resources */,
				0474C3282C2C0FAD00C860A2 /* Assets.xcassets in Resources */,
				0474C3442C2C1EA200C860A2 /* rhino.mp4 in Resources */,
				0474C33C2C2C1EA200C860A2 /* elephant.mp4 in Resources */,
				0474C3452C2C1EA200C860A2 /* lioness.mp4 in Resources */,
			);
			runOnlyForDeploymentPostprocessing = 0;
		};
/* End PBXResourcesBuildPhase section */

/* Begin PBXSourcesBuildPhase section */
		0474C31C2C2C0FAC00C860A2 /* Sources */ = {
			isa = PBXSourcesBuildPhase;
			buildActionMask = 2147483647;
			files = (
				046C37662C2C93A1007A0AD2 /* VideoListItemView.swift in Sources */,
				04A6CB112C2C8E3500668676 /* ExternalWeblinkView.swift in Sources */,
				0474C3262C2C0FAC00C860A2 /* ContentView.swift in Sources */,
				04A6CB032C2C3D1B00668676 /* AnimalListItemView.swift in Sources */,
				04A6CAFF2C2C331100668676 /* Bundle+Extension.swift in Sources */,
				04A6CB0D2C2C6F6A00668676 /* InsetFactView.swift in Sources */,
				04A6CAF62C2C248D00668676 /* MainView.swift in Sources */,
				04A6CAF92C2C2F9F00668676 /* CoverImageView.swift in Sources */,
				04A6CB072C2C629300668676 /* AnimalDetailView.swift in Sources */,
				04A6CB052C2C489900668676 /* AnimalModel.swift in Sources */,
				046C376B2C2CED5C007A0AD2 /* VideoPlayerHelper.swift in Sources */,
				04A6CAFC2C2C31AE00668676 /* CoverImageModel.swift in Sources */,
				04A6CB0F2C2C730400668676 /* InsetMapView.swift in Sources */,
				046C37712C2CFF4C007A0AD2 /* MapAnnotationView.swift in Sources */,
				04A6CAF22C2C244300668676 /* MapView.swift in Sources */,
				0474C3242C2C0FAC00C860A2 /* AfricaApp.swift in Sources */,
				046C37642C2C930F007A0AD2 /* VideoModel.swift in Sources */,
				046C376D2C2CF50D007A0AD2 /* LocationModel.swift in Sources */,
				046C37792C2D4CF1007A0AD2 /* AnimalGridItemView.swift in Sources */,
				04A6CAF02C2C242A00668676 /* VideoListView.swift in Sources */,
				04A6CB0B2C2C67E100668676 /* InsetGalleryView.swift in Sources */,
				04A6CAF42C2C246D00668676 /* GalleryView.swift in Sources */,
				046C37732C2D2F6C007A0AD2 /* MotionAnimationView.swift in Sources */,
				04A6CB092C2C666100668676 /* HeadingView.swift in Sources */,
				046C37682C2CEC01007A0AD2 /* VideoPlayerView.swift in Sources */,
			);
			runOnlyForDeploymentPostprocessing = 0;
		};
/* End PBXSourcesBuildPhase section */

/* Begin PBXTargetDependency section */
		046C37822C2D5502007A0AD2 /* PBXTargetDependency */ = {
			isa = PBXTargetDependency;
			target = 046C377B2C2D5500007A0AD2 /* Stickers */;
			targetProxy = 046C37812C2D5502007A0AD2 /* PBXContainerItemProxy */;
		};
/* End PBXTargetDependency section */

/* Begin XCBuildConfiguration section */
		046C37852C2D5502007A0AD2 /* Debug */ = {
			isa = XCBuildConfiguration;
			buildSettings = {
				ASSETCATALOG_COMPILER_APPICON_NAME = "iMessage App Icon";
				CODE_SIGN_STYLE = Automatic;
				CURRENT_PROJECT_VERSION = 1;
				DEVELOPMENT_TEAM = 668BA5HCMU;
				GENERATE_INFOPLIST_FILE = YES;
				INFOPLIST_FILE = Stickers/Info.plist;
				INFOPLIST_KEY_CFBundleDisplayName = Africa;
				INFOPLIST_KEY_NSStickerSharingLevel = OS;
				MARKETING_VERSION = 1.0;
				PRODUCT_BUNDLE_IDENTIFIER = com.ussama.Africa.Stickers;
				PRODUCT_NAME = "$(TARGET_NAME)";
				SKIP_INSTALL = YES;
				SWIFT_EMIT_LOC_STRINGS = YES;
				TARGETED_DEVICE_FAMILY = "1,2";
			};
			name = Debug;
		};
		046C37862C2D5502007A0AD2 /* Release */ = {
			isa = XCBuildConfiguration;
			buildSettings = {
				ASSETCATALOG_COMPILER_APPICON_NAME = "iMessage App Icon";
				CODE_SIGN_STYLE = Automatic;
				CURRENT_PROJECT_VERSION = 1;
				DEVELOPMENT_TEAM = 668BA5HCMU;
				GENERATE_INFOPLIST_FILE = YES;
				INFOPLIST_FILE = Stickers/Info.plist;
				INFOPLIST_KEY_CFBundleDisplayName = Africa;
				INFOPLIST_KEY_NSStickerSharingLevel = OS;
				MARKETING_VERSION = 1.0;
				PRODUCT_BUNDLE_IDENTIFIER = com.ussama.Africa.Stickers;
				PRODUCT_NAME = "$(TARGET_NAME)";
				SKIP_INSTALL = YES;
				SWIFT_EMIT_LOC_STRINGS = YES;
				TARGETED_DEVICE_FAMILY = "1,2";
			};
			name = Release;
		};
		0474C32C2C2C0FAD00C860A2 /* Debug */ = {
			isa = XCBuildConfiguration;
			buildSettings = {
				ALWAYS_SEARCH_USER_PATHS = NO;
				ASSETCATALOG_COMPILER_GENERATE_SWIFT_ASSET_SYMBOL_EXTENSIONS = YES;
				CLANG_ANALYZER_NONNULL = YES;
				CLANG_ANALYZER_NUMBER_OBJECT_CONVERSION = YES_AGGRESSIVE;
				CLANG_CXX_LANGUAGE_STANDARD = "gnu++20";
				CLANG_ENABLE_MODULES = YES;
				CLANG_ENABLE_OBJC_ARC = YES;
				CLANG_ENABLE_OBJC_WEAK = YES;
				CLANG_WARN_BLOCK_CAPTURE_AUTORELEASING = YES;
				CLANG_WARN_BOOL_CONVERSION = YES;
				CLANG_WARN_COMMA = YES;
				CLANG_WARN_CONSTANT_CONVERSION = YES;
				CLANG_WARN_DEPRECATED_OBJC_IMPLEMENTATIONS = YES;
				CLANG_WARN_DIRECT_OBJC_ISA_USAGE = YES_ERROR;
				CLANG_WARN_DOCUMENTATION_COMMENTS = YES;
				CLANG_WARN_EMPTY_BODY = YES;
				CLANG_WARN_ENUM_CONVERSION = YES;
				CLANG_WARN_INFINITE_RECURSION = YES;
				CLANG_WARN_INT_CONVERSION = YES;
				CLANG_WARN_NON_LITERAL_NULL_CONVERSION = YES;
				CLANG_WARN_OBJC_IMPLICIT_RETAIN_SELF = YES;
				CLANG_WARN_OBJC_LITERAL_CONVERSION = YES;
				CLANG_WARN_OBJC_ROOT_CLASS = YES_ERROR;
				CLANG_WARN_QUOTED_INCLUDE_IN_FRAMEWORK_HEADER = YES;
				CLANG_WARN_RANGE_LOOP_ANALYSIS = YES;
				CLANG_WARN_STRICT_PROTOTYPES = YES;
				CLANG_WARN_SUSPICIOUS_MOVE = YES;
				CLANG_WARN_UNGUARDED_AVAILABILITY = YES_AGGRESSIVE;
				CLANG_WARN_UNREACHABLE_CODE = YES;
				CLANG_WARN__DUPLICATE_METHOD_MATCH = YES;
				COPY_PHASE_STRIP = NO;
				DEBUG_INFORMATION_FORMAT = dwarf;
				ENABLE_STRICT_OBJC_MSGSEND = YES;
				ENABLE_TESTABILITY = YES;
				ENABLE_USER_SCRIPT_SANDBOXING = YES;
				GCC_C_LANGUAGE_STANDARD = gnu17;
				GCC_DYNAMIC_NO_PIC = NO;
				GCC_NO_COMMON_BLOCKS = YES;
				GCC_OPTIMIZATION_LEVEL = 0;
				GCC_PREPROCESSOR_DEFINITIONS = (
					"DEBUG=1",
					"$(inherited)",
				);
				GCC_WARN_64_TO_32_BIT_CONVERSION = YES;
				GCC_WARN_ABOUT_RETURN_TYPE = YES_ERROR;
				GCC_WARN_UNDECLARED_SELECTOR = YES;
				GCC_WARN_UNINITIALIZED_AUTOS = YES_AGGRESSIVE;
				GCC_WARN_UNUSED_FUNCTION = YES;
				GCC_WARN_UNUSED_VARIABLE = YES;
				IPHONEOS_DEPLOYMENT_TARGET = 17.5;
				LOCALIZATION_PREFERS_STRING_CATALOGS = YES;
				MTL_ENABLE_DEBUG_INFO = INCLUDE_SOURCE;
				MTL_FAST_MATH = YES;
				ONLY_ACTIVE_ARCH = YES;
				SDKROOT = iphoneos;
				SWIFT_ACTIVE_COMPILATION_CONDITIONS = "DEBUG $(inherited)";
				SWIFT_OPTIMIZATION_LEVEL = "-Onone";
			};
			name = Debug;
		};
		0474C32D2C2C0FAD00C860A2 /* Release */ = {
			isa = XCBuildConfiguration;
			buildSettings = {
				ALWAYS_SEARCH_USER_PATHS = NO;
				ASSETCATALOG_COMPILER_GENERATE_SWIFT_ASSET_SYMBOL_EXTENSIONS = YES;
				CLANG_ANALYZER_NONNULL = YES;
				CLANG_ANALYZER_NUMBER_OBJECT_CONVERSION = YES_AGGRESSIVE;
				CLANG_CXX_LANGUAGE_STANDARD = "gnu++20";
				CLANG_ENABLE_MODULES = YES;
				CLANG_ENABLE_OBJC_ARC = YES;
				CLANG_ENABLE_OBJC_WEAK = YES;
				CLANG_WARN_BLOCK_CAPTURE_AUTORELEASING = YES;
				CLANG_WARN_BOOL_CONVERSION = YES;
				CLANG_WARN_COMMA = YES;
				CLANG_WARN_CONSTANT_CONVERSION = YES;
				CLANG_WARN_DEPRECATED_OBJC_IMPLEMENTATIONS = YES;
				CLANG_WARN_DIRECT_OBJC_ISA_USAGE = YES_ERROR;
				CLANG_WARN_DOCUMENTATION_COMMENTS = YES;
				CLANG_WARN_EMPTY_BODY = YES;
				CLANG_WARN_ENUM_CONVERSION = YES;
				CLANG_WARN_INFINITE_RECURSION = YES;
				CLANG_WARN_INT_CONVERSION = YES;
				CLANG_WARN_NON_LITERAL_NULL_CONVERSION = YES;
				CLANG_WARN_OBJC_IMPLICIT_RETAIN_SELF = YES;
				CLANG_WARN_OBJC_LITERAL_CONVERSION = YES;
				CLANG_WARN_OBJC_ROOT_CLASS = YES_ERROR;
				CLANG_WARN_QUOTED_INCLUDE_IN_FRAMEWORK_HEADER = YES;
				CLANG_WARN_RANGE_LOOP_ANALYSIS = YES;
				CLANG_WARN_STRICT_PROTOTYPES = YES;
				CLANG_WARN_SUSPICIOUS_MOVE = YES;
				CLANG_WARN_UNGUARDED_AVAILABILITY = YES_AGGRESSIVE;
				CLANG_WARN_UNREACHABLE_CODE = YES;
				CLANG_WARN__DUPLICATE_METHOD_MATCH = YES;
				COPY_PHASE_STRIP = NO;
				DEBUG_INFORMATION_FORMAT = "dwarf-with-dsym";
				ENABLE_NS_ASSERTIONS = NO;
				ENABLE_STRICT_OBJC_MSGSEND = YES;
				ENABLE_USER_SCRIPT_SANDBOXING = YES;
				GCC_C_LANGUAGE_STANDARD = gnu17;
				GCC_NO_COMMON_BLOCKS = YES;
				GCC_WARN_64_TO_32_BIT_CONVERSION = YES;
				GCC_WARN_ABOUT_RETURN_TYPE = YES_ERROR;
				GCC_WARN_UNDECLARED_SELECTOR = YES;
				GCC_WARN_UNINITIALIZED_AUTOS = YES_AGGRESSIVE;
				GCC_WARN_UNUSED_FUNCTION = YES;
				GCC_WARN_UNUSED_VARIABLE = YES;
				IPHONEOS_DEPLOYMENT_TARGET = 17.5;
				LOCALIZATION_PREFERS_STRING_CATALOGS = YES;
				MTL_ENABLE_DEBUG_INFO = NO;
				MTL_FAST_MATH = YES;
				SDKROOT = iphoneos;
				SWIFT_COMPILATION_MODE = wholemodule;
				VALIDATE_PRODUCT = YES;
			};
			name = Release;
		};
		0474C32F2C2C0FAD00C860A2 /* Debug */ = {
			isa = XCBuildConfiguration;
			buildSettings = {
				ASSETCATALOG_COMPILER_APPICON_NAME = AppIcon;
				ASSETCATALOG_COMPILER_GLOBAL_ACCENT_COLOR_NAME = AccentColor;
				CODE_SIGN_STYLE = Automatic;
				CURRENT_PROJECT_VERSION = 1;
				DEVELOPMENT_ASSET_PATHS = "\"Africa/Preview Content\"";
				DEVELOPMENT_TEAM = 668BA5HCMU;
				ENABLE_PREVIEWS = YES;
				GENERATE_INFOPLIST_FILE = YES;
				INFOPLIST_FILE = Africa/Info.plist;
				INFOPLIST_KEY_UIApplicationSceneManifest_Generation = YES;
				INFOPLIST_KEY_UIApplicationSupportsIndirectInputEvents = YES;
				INFOPLIST_KEY_UISupportedInterfaceOrientations = UIInterfaceOrientationPortrait;
				INFOPLIST_KEY_UIUserInterfaceStyle = Dark;
				LD_RUNPATH_SEARCH_PATHS = (
					"$(inherited)",
					"@executable_path/Frameworks",
				);
				MARKETING_VERSION = 1.0;
				PRODUCT_BUNDLE_IDENTIFIER = com.ussama.Africa;
				PRODUCT_NAME = "$(TARGET_NAME)";
				SWIFT_EMIT_LOC_STRINGS = YES;
				SWIFT_VERSION = 5.0;
				TARGETED_DEVICE_FAMILY = "1,2";
			};
			name = Debug;
		};
		0474C3302C2C0FAD00C860A2 /* Release */ = {
			isa = XCBuildConfiguration;
			buildSettings = {
				ASSETCATALOG_COMPILER_APPICON_NAME = AppIcon;
				ASSETCATALOG_COMPILER_GLOBAL_ACCENT_COLOR_NAME = AccentColor;
				CODE_SIGN_STYLE = Automatic;
				CURRENT_PROJECT_VERSION = 1;
				DEVELOPMENT_ASSET_PATHS = "\"Africa/Preview Content\"";
				DEVELOPMENT_TEAM = 668BA5HCMU;
				ENABLE_PREVIEWS = YES;
				GENERATE_INFOPLIST_FILE = YES;
				INFOPLIST_FILE = Africa/Info.plist;
				INFOPLIST_KEY_UIApplicationSceneManifest_Generation = YES;
				INFOPLIST_KEY_UIApplicationSupportsIndirectInputEvents = YES;
				INFOPLIST_KEY_UISupportedInterfaceOrientations = UIInterfaceOrientationPortrait;
				INFOPLIST_KEY_UIUserInterfaceStyle = Dark;
				LD_RUNPATH_SEARCH_PATHS = (
					"$(inherited)",
					"@executable_path/Frameworks",
				);
				MARKETING_VERSION = 1.0;
				PRODUCT_BUNDLE_IDENTIFIER = com.ussama.Africa;
				PRODUCT_NAME = "$(TARGET_NAME)";
				SWIFT_EMIT_LOC_STRINGS = YES;
				SWIFT_VERSION = 5.0;
				TARGETED_DEVICE_FAMILY = "1,2";
			};
			name = Release;
		};
/* End XCBuildConfiguration section */

/* Begin XCConfigurationList section */
		046C37842C2D5502007A0AD2 /* Build configuration list for PBXNativeTarget "Stickers" */ = {
			isa = XCConfigurationList;
			buildConfigurations = (
				046C37852C2D5502007A0AD2 /* Debug */,
				046C37862C2D5502007A0AD2 /* Release */,
			);
			defaultConfigurationIsVisible = 0;
			defaultConfigurationName = Release;
		};
		0474C31B2C2C0FAC00C860A2 /* Build configuration list for PBXProject "Africa" */ = {
			isa = XCConfigurationList;
			buildConfigurations = (
				0474C32C2C2C0FAD00C860A2 /* Debug */,
				0474C32D2C2C0FAD00C860A2 /* Release */,
			);
			defaultConfigurationIsVisible = 0;
			defaultConfigurationName = Release;
		};
		0474C32E2C2C0FAD00C860A2 /* Build configuration list for PBXNativeTarget "Africa" */ = {
			isa = XCConfigurationList;
			buildConfigurations = (
				0474C32F2C2C0FAD00C860A2 /* Debug */,
				0474C3302C2C0FAD00C860A2 /* Release */,
			);
			defaultConfigurationIsVisible = 0;
			defaultConfigurationName = Release;
		};
/* End XCConfigurationList section */
	};
	rootObject = 0474C3182C2C0FAC00C860A2 /* Project object */;
}
